
Microsoft Visual Studio Solution File, Format Version 11.00
# Visual Studio 2010
Project("{FAE04EC0-301F-11D3-BF4B-00C04F79EFBC}") = "Web", "Web\Web.csproj", "{72B2FFE6-33DA-4BC3-B353-8B2BA9BDC78A}"
EndProject
Project("{FAE04EC0-301F-11D3-BF4B-00C04F79EFBC}") = "Web.Tests", "Web.Tests\Web.Tests.csproj", "{8FB7A597-D482-4F54-B81C-B575EF6BA875}"
EndProject
Project("{2150E333-8FDC-42A3-9474-1A3956D46DE8}") = "Libraries", "Libraries", "{8EEC352B-2E69-4FAC-A32E-A21976F8D956}"
	ProjectSection(SolutionItems) = preProject
		Libraries\Boo.Lang.Compiler.dll = Libraries\Boo.Lang.Compiler.dll
		Libraries\Boo.Lang.dll = Libraries\Boo.Lang.dll
		Libraries\Boo.Lang.Parser.dll = Libraries\Boo.Lang.Parser.dll
		Libraries\Datatables.Mvc.dll = Libraries\Datatables.Mvc.dll
		Libraries\InfrastructureConfig.Dsl.dll = Libraries\InfrastructureConfig.Dsl.dll
		Libraries\Rhino.DSL.dll = Libraries\Rhino.DSL.dll
	EndProjectSection
EndProject
Project("{2150E333-8FDC-42A3-9474-1A3956D46DE8}") = "Config", "Config", "{725BA556-9350-4175-AB3A-B3A99E711A6E}"
	ProjectSection(SolutionItems) = preProject
		Config\Variables.var = Config\Variables.var
		Config\Web.boo = Config\Web.boo
	EndProjectSection
EndProject
Project("{2150E333-8FDC-42A3-9474-1A3956D46DE8}") = "DeveloperHost", "DeveloperHost", "{568C0F7E-8E54-47A1-8273-F936BF262A3F}"
	ProjectSection(SolutionItems) = preProject
		Config\DeveloperHost\Host.host = Config\DeveloperHost\Host.host
		Config\DeveloperHost\README.txt = Config\DeveloperHost\README.txt
		Config\DeveloperHost\Web.boo = Config\DeveloperHost\Web.boo
	EndProjectSection
EndProject
Project("{930C7802-8A8C-48F9-8165-68863BCCD9DD}") = "Web.Installer", "Web.Installer\Web.Installer.wixproj", "{DDBB345D-0A8A-4323-8EA6-3C9A27FD1AC4}"
EndProject
Project("{930C7802-8A8C-48F9-8165-68863BCCD9DD}") = "Installer", "Installer\Installer.wixproj", "{7B6FFC86-1B5A-4BF2-B399-58A11DA4B7F9}"
EndProject
Global
	GlobalSection(SolutionConfigurationPlatforms) = preSolution
		Debug|Any CPU = Debug|Any CPU
		Debug|Mixed Platforms = Debug|Mixed Platforms
		Debug|x86 = Debug|x86
		Integration|Any CPU = Integration|Any CPU
		Integration|Mixed Platforms = Integration|Mixed Platforms
		Integration|x86 = Integration|x86
		Release|Any CPU = Release|Any CPU
		Release|Mixed Platforms = Release|Mixed Platforms
		Release|x86 = Release|x86
		Testing|Any CPU = Testing|Any CPU
		Testing|Mixed Platforms = Testing|Mixed Platforms
		Testing|x86 = Testing|x86
	EndGlobalSection
	GlobalSection(ProjectConfigurationPlatforms) = postSolution
		{72B2FFE6-33DA-4BC3-B353-8B2BA9BDC78A}.Debug|Any CPU.ActiveCfg = Debug|Any CPU
		{72B2FFE6-33DA-4BC3-B353-8B2BA9BDC78A}.Debug|Any CPU.Build.0 = Debug|Any CPU
		{72B2FFE6-33DA-4BC3-B353-8B2BA9BDC78A}.Debug|Mixed Platforms.ActiveCfg = Debug|Any CPU
		{72B2FFE6-33DA-4BC3-B353-8B2BA9BDC78A}.Debug|Mixed Platforms.Build.0 = Debug|Any CPU
		{72B2FFE6-33DA-4BC3-B353-8B2BA9BDC78A}.Debug|x86.ActiveCfg = Debug|Any CPU
		{72B2FFE6-33DA-4BC3-B353-8B2BA9BDC78A}.Integration|Any CPU.ActiveCfg = Integration|Any CPU
		{72B2FFE6-33DA-4BC3-B353-8B2BA9BDC78A}.Integration|Any CPU.Build.0 = Integration|Any CPU
		{72B2FFE6-33DA-4BC3-B353-8B2BA9BDC78A}.Integration|Mixed Platforms.ActiveCfg = Integration|Any CPU
		{72B2FFE6-33DA-4BC3-B353-8B2BA9BDC78A}.Integration|Mixed Platforms.Build.0 = Integration|Any CPU
		{72B2FFE6-33DA-4BC3-B353-8B2BA9BDC78A}.Integration|x86.ActiveCfg = Integration|Any CPU
		{72B2FFE6-33DA-4BC3-B353-8B2BA9BDC78A}.Release|Any CPU.ActiveCfg = Release|Any CPU
		{72B2FFE6-33DA-4BC3-B353-8B2BA9BDC78A}.Release|Any CPU.Build.0 = Release|Any CPU
		{72B2FFE6-33DA-4BC3-B353-8B2BA9BDC78A}.Release|Mixed Platforms.ActiveCfg = Release|Any CPU
		{72B2FFE6-33DA-4BC3-B353-8B2BA9BDC78A}.Release|Mixed Platforms.Build.0 = Release|Any CPU
		{72B2FFE6-33DA-4BC3-B353-8B2BA9BDC78A}.Release|x86.ActiveCfg = Release|Any CPU
		{72B2FFE6-33DA-4BC3-B353-8B2BA9BDC78A}.Testing|Any CPU.ActiveCfg = Testing|Any CPU
		{72B2FFE6-33DA-4BC3-B353-8B2BA9BDC78A}.Testing|Any CPU.Build.0 = Testing|Any CPU
		{72B2FFE6-33DA-4BC3-B353-8B2BA9BDC78A}.Testing|Mixed Platforms.ActiveCfg = Testing|Any CPU
		{72B2FFE6-33DA-4BC3-B353-8B2BA9BDC78A}.Testing|Mixed Platforms.Build.0 = Testing|Any CPU
		{72B2FFE6-33DA-4BC3-B353-8B2BA9BDC78A}.Testing|x86.ActiveCfg = Testing|Any CPU
		{8FB7A597-D482-4F54-B81C-B575EF6BA875}.Debug|Any CPU.ActiveCfg = Debug|Any CPU
		{8FB7A597-D482-4F54-B81C-B575EF6BA875}.Debug|Any CPU.Build.0 = Debug|Any CPU
		{8FB7A597-D482-4F54-B81C-B575EF6BA875}.Debug|Mixed Platforms.ActiveCfg = Debug|Any CPU
		{8FB7A597-D482-4F54-B81C-B575EF6BA875}.Debug|Mixed Platforms.Build.0 = Debug|Any CPU
		{8FB7A597-D482-4F54-B81C-B575EF6BA875}.Debug|x86.ActiveCfg = Debug|Any CPU
		{8FB7A597-D482-4F54-B81C-B575EF6BA875}.Integration|Any CPU.ActiveCfg = Integration|Any CPU
		{8FB7A597-D482-4F54-B81C-B575EF6BA875}.Integration|Any CPU.Build.0 = Integration|Any CPU
		{8FB7A597-D482-4F54-B81C-B575EF6BA875}.Integration|Mixed Platforms.ActiveCfg = Integration|Any CPU
		{8FB7A597-D482-4F54-B81C-B575EF6BA875}.Integration|Mixed Platforms.Build.0 = Integration|Any CPU
		{8FB7A597-D482-4F54-B81C-B575EF6BA875}.Integration|x86.ActiveCfg = Integration|Any CPU
		{8FB7A597-D482-4F54-B81C-B575EF6BA875}.Release|Any CPU.ActiveCfg = Release|Any CPU
		{8FB7A597-D482-4F54-B81C-B575EF6BA875}.Release|Any CPU.Build.0 = Release|Any CPU
		{8FB7A597-D482-4F54-B81C-B575EF6BA875}.Release|Mixed Platforms.ActiveCfg = Release|Any CPU
		{8FB7A597-D482-4F54-B81C-B575EF6BA875}.Release|Mixed Platforms.Build.0 = Release|Any CPU
		{8FB7A597-D482-4F54-B81C-B575EF6BA875}.Release|x86.ActiveCfg = Release|Any CPU
		{8FB7A597-D482-4F54-B81C-B575EF6BA875}.Testing|Any CPU.ActiveCfg = Testing|Any CPU
		{8FB7A597-D482-4F54-B81C-B575EF6BA875}.Testing|Any CPU.Build.0 = Testing|Any CPU
		{8FB7A597-D482-4F54-B81C-B575EF6BA875}.Testing|Mixed Platforms.ActiveCfg = Testing|Any CPU
		{8FB7A597-D482-4F54-B81C-B575EF6BA875}.Testing|Mixed Platforms.Build.0 = Testing|Any CPU
		{8FB7A597-D482-4F54-B81C-B575EF6BA875}.Testing|x86.ActiveCfg = Testing|Any CPU
		{DDBB345D-0A8A-4323-8EA6-3C9A27FD1AC4}.Debug|Any CPU.ActiveCfg = Debug|x86
		{DDBB345D-0A8A-4323-8EA6-3C9A27FD1AC4}.Debug|Mixed Platforms.ActiveCfg = Debug|x86
		{DDBB345D-0A8A-4323-8EA6-3C9A27FD1AC4}.Debug|Mixed Platforms.Build.0 = Debug|x86
		{DDBB345D-0A8A-4323-8EA6-3C9A27FD1AC4}.Debug|x86.ActiveCfg = Debug|x86
		{DDBB345D-0A8A-4323-8EA6-3C9A27FD1AC4}.Debug|x86.Build.0 = Debug|x86
		{DDBB345D-0A8A-4323-8EA6-3C9A27FD1AC4}.Integration|Any CPU.ActiveCfg = Release|x86
		{DDBB345D-0A8A-4323-8EA6-3C9A27FD1AC4}.Integration|Mixed Platforms.ActiveCfg = Integration|x86
		{DDBB345D-0A8A-4323-8EA6-3C9A27FD1AC4}.Integration|Mixed Platforms.Build.0 = Integration|x86
		{DDBB345D-0A8A-4323-8EA6-3C9A27FD1AC4}.Integration|x86.ActiveCfg = Release|x86
		{DDBB345D-0A8A-4323-8EA6-3C9A27FD1AC4}.Integration|x86.Build.0 = Release|x86
		{DDBB345D-0A8A-4323-8EA6-3C9A27FD1AC4}.Release|Any CPU.ActiveCfg = Release|x86
		{DDBB345D-0A8A-4323-8EA6-3C9A27FD1AC4}.Release|Mixed Platforms.ActiveCfg = Release|x86
		{DDBB345D-0A8A-4323-8EA6-3C9A27FD1AC4}.Release|Mixed Platforms.Build.0 = Release|x86
		{DDBB345D-0A8A-4323-8EA6-3C9A27FD1AC4}.Release|x86.ActiveCfg = Release|x86
		{DDBB345D-0A8A-4323-8EA6-3C9A27FD1AC4}.Release|x86.Build.0 = Release|x86
		{DDBB345D-0A8A-4323-8EA6-3C9A27FD1AC4}.Testing|Any CPU.ActiveCfg = Release|x86
		{DDBB345D-0A8A-4323-8EA6-3C9A27FD1AC4}.Testing|Mixed Platforms.ActiveCfg = Testing|x86
		{DDBB345D-0A8A-4323-8EA6-3C9A27FD1AC4}.Testing|Mixed Platforms.Build.0 = Testing|x86
		{DDBB345D-0A8A-4323-8EA6-3C9A27FD1AC4}.Testing|x86.ActiveCfg = Release|x86
		{DDBB345D-0A8A-4323-8EA6-3C9A27FD1AC4}.Testing|x86.Build.0 = Release|x86
		{7B6FFC86-1B5A-4BF2-B399-58A11DA4B7F9}.Debug|Any CPU.ActiveCfg = Debug|x86
		{7B6FFC86-1B5A-4BF2-B399-58A11DA4B7F9}.Debug|Mixed Platforms.ActiveCfg = Debug|x86
		{7B6FFC86-1B5A-4BF2-B399-58A11DA4B7F9}.Debug|Mixed Platforms.Build.0 = Debug|x86
		{7B6FFC86-1B5A-4BF2-B399-58A11DA4B7F9}.Debug|x86.ActiveCfg = Debug|x86
		{7B6FFC86-1B5A-4BF2-B399-58A11DA4B7F9}.Debug|x86.Build.0 = Debug|x86
		{7B6FFC86-1B5A-4BF2-B399-58A11DA4B7F9}.Integration|Any CPU.ActiveCfg = Release|x86
		{7B6FFC86-1B5A-4BF2-B399-58A11DA4B7F9}.Integration|Mixed Platforms.ActiveCfg = Integration|x86
		{7B6FFC86-1B5A-4BF2-B399-58A11DA4B7F9}.Integration|Mixed Platforms.Build.0 = Integration|x86
		{7B6FFC86-1B5A-4BF2-B399-58A11DA4B7F9}.Integration|x86.ActiveCfg = Release|x86
		{7B6FFC86-1B5A-4BF2-B399-58A11DA4B7F9}.Integration|x86.Build.0 = Release|x86
		{7B6FFC86-1B5A-4BF2-B399-58A11DA4B7F9}.Release|Any CPU.ActiveCfg = Release|x86
		{7B6FFC86-1B5A-4BF2-B399-58A11DA4B7F9}.Release|Mixed Platforms.ActiveCfg = Release|x86
		{7B6FFC86-1B5A-4BF2-B399-58A11DA4B7F9}.Release|Mixed Platforms.Build.0 = Release|x86
		{7B6FFC86-1B5A-4BF2-B399-58A11DA4B7F9}.Release|x86.ActiveCfg = Release|x86
		{7B6FFC86-1B5A-4BF2-B399-58A11DA4B7F9}.Release|x86.Build.0 = Release|x86
		{7B6FFC86-1B5A-4BF2-B399-58A11DA4B7F9}.Testing|Any CPU.ActiveCfg = Release|x86
		{7B6FFC86-1B5A-4BF2-B399-58A11DA4B7F9}.Testing|Mixed Platforms.ActiveCfg = Testing|x86
		{7B6FFC86-1B5A-4BF2-B399-58A11DA4B7F9}.Testing|Mixed Platforms.Build.0 = Testing|x86
		{7B6FFC86-1B5A-4BF2-B399-58A11DA4B7F9}.Testing|x86.ActiveCfg = Release|x86
		{7B6FFC86-1B5A-4BF2-B399-58A11DA4B7F9}.Testing|x86.Build.0 = Release|x86
	EndGlobalSection
	GlobalSection(SolutionProperties) = preSolution
		HideSolutionNode = FALSE
	EndGlobalSection
	GlobalSection(NestedProjects) = preSolution
		{568C0F7E-8E54-47A1-8273-F936BF262A3F} = {725BA556-9350-4175-AB3A-B3A99E711A6E}
	EndGlobalSection
EndGlobal
